{
    "_readme": [
        "This file locks the dependencies of your project to a known state",
        "Read more about it at https://getcomposer.org/doc/01-basic-usage.md#composer-lock-the-lock-file",
        "This file is @generated automatically"
    ],
    "content-hash": "71ef8d1bc0686bcdb9ad5cc3af5e0e3f",
    "packages": [
        {
            "name": "peterkahl/chinese-lunar-calendar",
            "version": "v1.0.1",
            "source": {
                "type": "git",
                "url": "https://github.com/peterkahl/chinese-lunar-calendar.git",
                "reference": "53ceb343216f7728d9941854f434490c9e9833f9"
            },
            "dist": {
                "type": "zip",
                "url": "https://api.github.com/repos/peterkahl/chinese-lunar-calendar/zipball/53ceb343216f7728d9941854f434490c9e9833f9",
                "reference": "53ceb343216f7728d9941854f434490c9e9833f9",
                "shasum": ""
            },
            "require": {
                "php": ">=5.3.0"
            },
            "type": "library",
            "autoload": {
                "psr-4": {
                    "peterkahl\\Lunar\\": "src/"
                }
            },
            "notification-url": "https://packagist.org/downloads/",
            "license": [
                "Apache-2.0"
            ],
            "authors": [
                {
                    "name": "Peter Kahl",
                    "email": "peter.kahl@colossalmind.com",
                    "homepage": "https://www.colossalmind.com/",
                    "role": "Developer"
                }
            ],
            "description": "Converts from Gregorian date to Chinese lunisolar date and vice versa.",
            "homepage": "https://github.com/peterkahl/chinese-lunar-calendar",
            "keywords": [
                "chinese-calendar",
                "chinese-date",
                "date",
                "lunar-calendar",
                "lunar-date"
            ],
            "time": "2018-03-22T15:21:52+00:00"
        }
    ],
    "packages-dev": [
        {
            "name": "fzaninotto/faker",
            "version": "v1.8.0",
            "source": {
                "type": "git",
                "url": "https://github.com/fzaninotto/Faker.git",
                "reference": "f72816b43e74063c8b10357394b6bba8cb1c10de"
            },
            "dist": {
                "type": "zip",
                "url": "https://api.github.com/repos/fzaninotto/Faker/zipball/f72816b43e74063c8b10357394b6bba8cb1c10de",
                "reference": "f72816b43e74063c8b10357394b6bba8cb1c10de",
                "shasum": ""
            },
            "require": {
                "php": "^5.3.3 || ^7.0"
            },
            "require-dev": {
                "ext-intl": "*",
                "phpunit/phpunit": "^4.8.35 || ^5.7",
                "squizlabs/php_codesniffer": "^1.5"
            },
            "type": "library",
            "extra": {
                "branch-alias": {
                    "dev-master": "1.8-dev"
                }
            },
            "autoload": {
                "psr-4": {
                    "Faker\\": "src/Faker/"
                }
            },
            "notification-url": "https://packagist.org/downloads/",
            "license": [
                "MIT"
            ],
            "authors": [
                {
                    "name": "François Zaninotto"
                }
            ],
            "description": "Faker is a PHP library that generates fake data for you.",
            "keywords": [
                "data",
                "faker",
                "fixtures"
            ],
            "time": "2018-07-12T10:23:15+00:00"
        }
    ],
    "aliases": [],
    "minimum-stability": "stable",
    "stability-flags": [],
    "prefer-stable": false,
    "prefer-lowest": false,
    "platform": {
        "php": "^5.5 || ^7.0"
    },
    "platform-dev": []
}
